// !$*UTF8*$!
{
	archiveVersion = 1;
	classes = {
	};
	objectVersion = 56;
	objects = {

/* Begin PBXBuildFile section */
		2A160F4F2A6CEA5300510A79 /* FirebaseAuth in Frameworks */ = {isa = PBXBuildFile; productRef = 2A160F4E2A6CEA5300510A79 /* FirebaseAuth */; };
		2A160F512A6CEA5300510A79 /* FirebaseFirestore in Frameworks */ = {isa = PBXBuildFile; productRef = 2A160F502A6CEA5300510A79 /* FirebaseFirestore */; };
		2A160F532A6CEA5300510A79 /* FirebaseFirestoreSwift in Frameworks */ = {isa = PBXBuildFile; productRef = 2A160F522A6CEA5300510A79 /* FirebaseFirestoreSwift */; };
		2A160F552A6CEA8500510A79 /* GoogleService-Info.plist in Resources */ = {isa = PBXBuildFile; fileRef = 2A160F542A6CEA8500510A79 /* GoogleService-Info.plist */; };
		2A160F5B2A6CF19500510A79 /* LoginView.swift in Sources */ = {isa = PBXBuildFile; fileRef = 2A160F5A2A6CF19500510A79 /* LoginView.swift */; };
		2A160F5E2A6CF1BA00510A79 /* RegisterView.swift in Sources */ = {isa = PBXBuildFile; fileRef = 2A160F5D2A6CF1BA00510A79 /* RegisterView.swift */; };
		2A160F602A6CF1D000510A79 /* TodoListView.swift in Sources */ = {isa = PBXBuildFile; fileRef = 2A160F5F2A6CF1D000510A79 /* TodoListView.swift */; };
		2A160F622A6CF1E200510A79 /* TodoItemView.swift in Sources */ = {isa = PBXBuildFile; fileRef = 2A160F612A6CF1E200510A79 /* TodoItemView.swift */; };
		2A160F642A6CF1F800510A79 /* TodoNewItemView.swift in Sources */ = {isa = PBXBuildFile; fileRef = 2A160F632A6CF1F800510A79 /* TodoNewItemView.swift */; };
		2A160F662A6CF20B00510A79 /* ProfileView.swift in Sources */ = {isa = PBXBuildFile; fileRef = 2A160F652A6CF20B00510A79 /* ProfileView.swift */; };
		2A160F6A2A6CF2BA00510A79 /* UserModel.swift in Sources */ = {isa = PBXBuildFile; fileRef = 2A160F692A6CF2BA00510A79 /* UserModel.swift */; };
		2A160F6C2A6CF2D100510A79 /* TodoItem.swift in Sources */ = {isa = PBXBuildFile; fileRef = 2A160F6B2A6CF2D100510A79 /* TodoItem.swift */; };
		2A160F6E2A6CF30600510A79 /* MainViewViewModel.swift in Sources */ = {isa = PBXBuildFile; fileRef = 2A160F6D2A6CF30600510A79 /* MainViewViewModel.swift */; };
		2A160F702A6CF31B00510A79 /* LoginViewViewModel.swift in Sources */ = {isa = PBXBuildFile; fileRef = 2A160F6F2A6CF31B00510A79 /* LoginViewViewModel.swift */; };
		2A160F722A6CF32900510A79 /* RegisterViewViewModel.swift in Sources */ = {isa = PBXBuildFile; fileRef = 2A160F712A6CF32900510A79 /* RegisterViewViewModel.swift */; };
		2A160F742A6CF34200510A79 /* TodoListViewViewModel.swift in Sources */ = {isa = PBXBuildFile; fileRef = 2A160F732A6CF34200510A79 /* TodoListViewViewModel.swift */; };
		2A160F762A6CF36100510A79 /* TodoItemViewViewModel.swift in Sources */ = {isa = PBXBuildFile; fileRef = 2A160F752A6CF36100510A79 /* TodoItemViewViewModel.swift */; };
		2A160F782A6CF37300510A79 /* TodoNewItemViewViewModel.swift in Sources */ = {isa = PBXBuildFile; fileRef = 2A160F772A6CF37300510A79 /* TodoNewItemViewViewModel.swift */; };
		2A160F7A2A6CF38400510A79 /* ProfileViewViewModel.swift in Sources */ = {isa = PBXBuildFile; fileRef = 2A160F792A6CF38400510A79 /* ProfileViewViewModel.swift */; };
		2A160F7C2A6D019E00510A79 /* HeaderView.swift in Sources */ = {isa = PBXBuildFile; fileRef = 2A160F7B2A6D019E00510A79 /* HeaderView.swift */; };
		2AC9E8342A6CD78400B8A543 /* swift_todoApp.swift in Sources */ = {isa = PBXBuildFile; fileRef = 2AC9E8332A6CD78400B8A543 /* swift_todoApp.swift */; };
		2AC9E8362A6CD78400B8A543 /* MainView.swift in Sources */ = {isa = PBXBuildFile; fileRef = 2AC9E8352A6CD78400B8A543 /* MainView.swift */; };
		2AC9E8382A6CD78500B8A543 /* Assets.xcassets in Resources */ = {isa = PBXBuildFile; fileRef = 2AC9E8372A6CD78500B8A543 /* Assets.xcassets */; };
		2AC9E83B2A6CD78500B8A543 /* Preview Assets.xcassets in Resources */ = {isa = PBXBuildFile; fileRef = 2AC9E83A2A6CD78500B8A543 /* Preview Assets.xcassets */; };
/* End PBXBuildFile section */

/* Begin PBXFileReference section */
		2A160F542A6CEA8500510A79 /* GoogleService-Info.plist */ = {isa = PBXFileReference; fileEncoding = 4; lastKnownFileType = text.plist.xml; path = "GoogleService-Info.plist"; sourceTree = "<group>"; };
		2A160F5A2A6CF19500510A79 /* LoginView.swift */ = {isa = PBXFileReference; lastKnownFileType = sourcecode.swift; path = LoginView.swift; sourceTree = "<group>"; };
		2A160F5D2A6CF1BA00510A79 /* RegisterView.swift */ = {isa = PBXFileReference; lastKnownFileType = sourcecode.swift; path = RegisterView.swift; sourceTree = "<group>"; };
		2A160F5F2A6CF1D000510A79 /* TodoListView.swift */ = {isa = PBXFileReference; lastKnownFileType = sourcecode.swift; path = TodoListView.swift; sourceTree = "<group>"; };
		2A160F612A6CF1E200510A79 /* TodoItemView.swift */ = {isa = PBXFileReference; lastKnownFileType = sourcecode.swift; path = TodoItemView.swift; sourceTree = "<group>"; };
		2A160F632A6CF1F800510A79 /* TodoNewItemView.swift */ = {isa = PBXFileReference; lastKnownFileType = sourcecode.swift; path = TodoNewItemView.swift; sourceTree = "<group>"; };
		2A160F652A6CF20B00510A79 /* ProfileView.swift */ = {isa = PBXFileReference; lastKnownFileType = sourcecode.swift; path = ProfileView.swift; sourceTree = "<group>"; };
		2A160F692A6CF2BA00510A79 /* UserModel.swift */ = {isa = PBXFileReference; lastKnownFileType = sourcecode.swift; path = UserModel.swift; sourceTree = "<group>"; };
		2A160F6B2A6CF2D100510A79 /* TodoItem.swift */ = {isa = PBXFileReference; lastKnownFileType = sourcecode.swift; path = TodoItem.swift; sourceTree = "<group>"; };
		2A160F6D2A6CF30600510A79 /* MainViewViewModel.swift */ = {isa = PBXFileReference; lastKnownFileType = sourcecode.swift; path = MainViewViewModel.swift; sourceTree = "<group>"; };
		2A160F6F2A6CF31B00510A79 /* LoginViewViewModel.swift */ = {isa = PBXFileReference; lastKnownFileType = sourcecode.swift; path = LoginViewViewModel.swift; sourceTree = "<group>"; };
		2A160F712A6CF32900510A79 /* RegisterViewViewModel.swift */ = {isa = PBXFileReference; lastKnownFileType = sourcecode.swift; path = RegisterViewViewModel.swift; sourceTree = "<group>"; };
		2A160F732A6CF34200510A79 /* TodoListViewViewModel.swift */ = {isa = PBXFileReference; lastKnownFileType = sourcecode.swift; path = TodoListViewViewModel.swift; sourceTree = "<group>"; };
		2A160F752A6CF36100510A79 /* TodoItemViewViewModel.swift */ = {isa = PBXFileReference; lastKnownFileType = sourcecode.swift; path = TodoItemViewViewModel.swift; sourceTree = "<group>"; };
		2A160F772A6CF37300510A79 /* TodoNewItemViewViewModel.swift */ = {isa = PBXFileReference; lastKnownFileType = sourcecode.swift; path = TodoNewItemViewViewModel.swift; sourceTree = "<group>"; };
		2A160F792A6CF38400510A79 /* ProfileViewViewModel.swift */ = {isa = PBXFileReference; lastKnownFileType = sourcecode.swift; path = ProfileViewViewModel.swift; sourceTree = "<group>"; };
		2A160F7B2A6D019E00510A79 /* HeaderView.swift */ = {isa = PBXFileReference; lastKnownFileType = sourcecode.swift; path = HeaderView.swift; sourceTree = "<group>"; };
		2AC9E8302A6CD78400B8A543 /* swift_todo.app */ = {isa = PBXFileReference; explicitFileType = wrapper.application; includeInIndex = 0; path = swift_todo.app; sourceTree = BUILT_PRODUCTS_DIR; };
		2AC9E8332A6CD78400B8A543 /* swift_todoApp.swift */ = {isa = PBXFileReference; lastKnownFileType = sourcecode.swift; path = swift_todoApp.swift; sourceTree = "<group>"; };
		2AC9E8352A6CD78400B8A543 /* MainView.swift */ = {isa = PBXFileReference; lastKnownFileType = sourcecode.swift; path = MainView.swift; sourceTree = "<group>"; };
		2AC9E8372A6CD78500B8A543 /* Assets.xcassets */ = {isa = PBXFileReference; lastKnownFileType = folder.assetcatalog; path = Assets.xcassets; sourceTree = "<group>"; };
		2AC9E83A2A6CD78500B8A543 /* Preview Assets.xcassets */ = {isa = PBXFileReference; lastKnownFileType = folder.assetcatalog; path = "Preview Assets.xcassets"; sourceTree = "<group>"; };
/* End PBXFileReference section */

/* Begin PBXFrameworksBuildPhase section */
		2AC9E82D2A6CD78400B8A543 /* Frameworks */ = {
			isa = PBXFrameworksBuildPhase;
			buildActionMask = 2147483647;
			files = (
				2A160F4F2A6CEA5300510A79 /* FirebaseAuth in Frameworks */,
				2A160F512A6CEA5300510A79 /* FirebaseFirestore in Frameworks */,
				2A160F532A6CEA5300510A79 /* FirebaseFirestoreSwift in Frameworks */,
			);
			runOnlyForDeploymentPostprocessing = 0;
		};
/* End PBXFrameworksBuildPhase section */

/* Begin PBXGroup section */
		2A160F562A6CEF1F00510A79 /* Models */ = {
			isa = PBXGroup;
			children = (
				2A160F692A6CF2BA00510A79 /* UserModel.swift */,
				2A160F6B2A6CF2D100510A79 /* TodoItem.swift */,
			);
			path = Models;
			sourceTree = "<group>";
		};
		2A160F572A6CEF2700510A79 /* Views */ = {
			isa = PBXGroup;
			children = (
				2AC9E8352A6CD78400B8A543 /* MainView.swift */,
				2A160F5A2A6CF19500510A79 /* LoginView.swift */,
				2A160F5D2A6CF1BA00510A79 /* RegisterView.swift */,
				2A160F5F2A6CF1D000510A79 /* TodoListView.swift */,
				2A160F612A6CF1E200510A79 /* TodoItemView.swift */,
				2A160F632A6CF1F800510A79 /* TodoNewItemView.swift */,
				2A160F652A6CF20B00510A79 /* ProfileView.swift */,
				2A160F7B2A6D019E00510A79 /* HeaderView.swift */,
			);
			path = Views;
			sourceTree = "<group>";
		};
		2A160F582A6CEF2F00510A79 /* ViewModels */ = {
			isa = PBXGroup;
			children = (
				2A160F6D2A6CF30600510A79 /* MainViewViewModel.swift */,
				2A160F6F2A6CF31B00510A79 /* LoginViewViewModel.swift */,
				2A160F712A6CF32900510A79 /* RegisterViewViewModel.swift */,
				2A160F732A6CF34200510A79 /* TodoListViewViewModel.swift */,
				2A160F752A6CF36100510A79 /* TodoItemViewViewModel.swift */,
				2A160F772A6CF37300510A79 /* TodoNewItemViewViewModel.swift */,
				2A160F792A6CF38400510A79 /* ProfileViewViewModel.swift */,
			);
			path = ViewModels;
			sourceTree = "<group>";
		};
		2A160F592A6CEF3800510A79 /* Others */ = {
			isa = PBXGroup;
			children = (
				2AC9E8332A6CD78400B8A543 /* swift_todoApp.swift */,
				2AC9E8372A6CD78500B8A543 /* Assets.xcassets */,
				2A160F542A6CEA8500510A79 /* GoogleService-Info.plist */,
			);
			path = Others;
			sourceTree = "<group>";
		};
		2AC9E8272A6CD78400B8A543 = {
			isa = PBXGroup;
			children = (
				2AC9E8322A6CD78400B8A543 /* swift_todo */,
				2AC9E8312A6CD78400B8A543 /* Products */,
			);
			sourceTree = "<group>";
		};
		2AC9E8312A6CD78400B8A543 /* Products */ = {
			isa = PBXGroup;
			children = (
				2AC9E8302A6CD78400B8A543 /* swift_todo.app */,
			);
			name = Products;
			sourceTree = "<group>";
		};
		2AC9E8322A6CD78400B8A543 /* swift_todo */ = {
			isa = PBXGroup;
			children = (
				2A160F592A6CEF3800510A79 /* Others */,
				2A160F582A6CEF2F00510A79 /* ViewModels */,
				2A160F572A6CEF2700510A79 /* Views */,
				2A160F562A6CEF1F00510A79 /* Models */,
				2AC9E8392A6CD78500B8A543 /* Preview Content */,
			);
			path = swift_todo;
			sourceTree = "<group>";
		};
		2AC9E8392A6CD78500B8A543 /* Preview Content */ = {
			isa = PBXGroup;
			children = (
				2AC9E83A2A6CD78500B8A543 /* Preview Assets.xcassets */,
			);
			path = "Preview Content";
			sourceTree = "<group>";
		};
/* End PBXGroup section */

/* Begin PBXNativeTarget section */
		2AC9E82F2A6CD78400B8A543 /* swift_todo */ = {
			isa = PBXNativeTarget;
			buildConfigurationList = 2AC9E83E2A6CD78500B8A543 /* Build configuration list for PBXNativeTarget "swift_todo" */;
			buildPhases = (
				2AC9E82C2A6CD78400B8A543 /* Sources */,
				2AC9E82D2A6CD78400B8A543 /* Frameworks */,
				2AC9E82E2A6CD78400B8A543 /* Resources */,
			);
			buildRules = (
			);
			dependencies = (
			);
			name = swift_todo;
			packageProductDependencies = (
				2A160F4E2A6CEA5300510A79 /* FirebaseAuth */,
				2A160F502A6CEA5300510A79 /* FirebaseFirestore */,
				2A160F522A6CEA5300510A79 /* FirebaseFirestoreSwift */,
			);
			productName = swift_todo;
			productReference = 2AC9E8302A6CD78400B8A543 /* swift_todo.app */;
			productType = "com.apple.product-type.application";
		};
/* End PBXNativeTarget section */

/* Begin PBXProject section */
		2AC9E8282A6CD78400B8A543 /* Project object */ = {
			isa = PBXProject;
			attributes = {
				BuildIndependentTargetsInParallel = 1;
				LastSwiftUpdateCheck = 1420;
				LastUpgradeCheck = 1420;
				TargetAttributes = {
					2AC9E82F2A6CD78400B8A543 = {
						CreatedOnToolsVersion = 14.2;
					};
				};
			};
			buildConfigurationList = 2AC9E82B2A6CD78400B8A543 /* Build configuration list for PBXProject "swift_todo" */;
			compatibilityVersion = "Xcode 14.0";
			developmentRegion = en;
			hasScannedForEncodings = 0;
			knownRegions = (
				en,
				Base,
			);
			mainGroup = 2AC9E8272A6CD78400B8A543;
			packageReferences = (
				2A160F4D2A6CEA5300510A79 /* XCRemoteSwiftPackageReference "firebase-ios-sdk" */,
			);
			productRefGroup = 2AC9E8312A6CD78400B8A543 /* Products */;
			projectDirPath = "";
			projectRoot = "";
			targets = (
				2AC9E82F2A6CD78400B8A543 /* swift_todo */,
			);
		};
/* End PBXProject section */

/* Begin PBXResourcesBuildPhase section */
		2AC9E82E2A6CD78400B8A543 /* Resources */ = {
			isa = PBXResourcesBuildPhase;
			buildActionMask = 2147483647;
			files = (
				2AC9E83B2A6CD78500B8A543 /* Preview Assets.xcassets in Resources */,
				2AC9E8382A6CD78500B8A543 /* Assets.xcassets in Resources */,
				2A160F552A6CEA8500510A79 /* GoogleService-Info.plist in Resources */,
			);
			runOnlyForDeploymentPostprocessing = 0;
		};
/* End PBXResourcesBuildPhase section */

/* Begin PBXSourcesBuildPhase section */
		2AC9E82C2A6CD78400B8A543 /* Sources */ = {
			isa = PBXSourcesBuildPhase;
			buildActionMask = 2147483647;
			files = (
				2A160F6C2A6CF2D100510A79 /* TodoItem.swift in Sources */,
				2A160F7C2A6D019E00510A79 /* HeaderView.swift in Sources */,
				2A160F662A6CF20B00510A79 /* ProfileView.swift in Sources */,
				2A160F6E2A6CF30600510A79 /* MainViewViewModel.swift in Sources */,
				2A160F762A6CF36100510A79 /* TodoItemViewViewModel.swift in Sources */,
				2A160F642A6CF1F800510A79 /* TodoNewItemView.swift in Sources */,
				2A160F5B2A6CF19500510A79 /* LoginView.swift in Sources */,
				2A160F742A6CF34200510A79 /* TodoListViewViewModel.swift in Sources */,
				2A160F5E2A6CF1BA00510A79 /* RegisterView.swift in Sources */,
				2A160F602A6CF1D000510A79 /* TodoListView.swift in Sources */,
				2A160F722A6CF32900510A79 /* RegisterViewViewModel.swift in Sources */,
				2A160F702A6CF31B00510A79 /* LoginViewViewModel.swift in Sources */,
				2AC9E8362A6CD78400B8A543 /* MainView.swift in Sources */,
				2AC9E8342A6CD78400B8A543 /* swift_todoApp.swift in Sources */,
				2A160F6A2A6CF2BA00510A79 /* UserModel.swift in Sources */,
				2A160F7A2A6CF38400510A79 /* ProfileViewViewModel.swift in Sources */,
				2A160F622A6CF1E200510A79 /* TodoItemView.swift in Sources */,
				2A160F782A6CF37300510A79 /* TodoNewItemViewViewModel.swift in Sources */,
			);
			runOnlyForDeploymentPostprocessing = 0;
		};
/* End PBXSourcesBuildPhase section */

/* Begin XCBuildConfiguration section */
		2AC9E83C2A6CD78500B8A543 /* Debug */ = {
			isa = XCBuildConfiguration;
			buildSettings = {
				ALWAYS_SEARCH_USER_PATHS = NO;
				CLANG_ANALYZER_NONNULL = YES;
				CLANG_ANALYZER_NUMBER_OBJECT_CONVERSION = YES_AGGRESSIVE;
				CLANG_CXX_LANGUAGE_STANDARD = "gnu++20";
				CLANG_ENABLE_MODULES = YES;
				CLANG_ENABLE_OBJC_ARC = YES;
				CLANG_ENABLE_OBJC_WEAK = YES;
				CLANG_WARN_BLOCK_CAPTURE_AUTORELEASING = YES;
				CLANG_WARN_BOOL_CONVERSION = YES;
				CLANG_WARN_COMMA = YES;
				CLANG_WARN_CONSTANT_CONVERSION = YES;
				CLANG_WARN_DEPRECATED_OBJC_IMPLEMENTATIONS = YES;
				CLANG_WARN_DIRECT_OBJC_ISA_USAGE = YES_ERROR;
				CLANG_WARN_DOCUMENTATION_COMMENTS = YES;
				CLANG_WARN_EMPTY_BODY = YES;
				CLANG_WARN_ENUM_CONVERSION = YES;
				CLANG_WARN_INFINITE_RECURSION = YES;
				CLANG_WARN_INT_CONVERSION = YES;
				CLANG_WARN_NON_LITERAL_NULL_CONVERSION = YES;
				CLANG_WARN_OBJC_IMPLICIT_RETAIN_SELF = YES;
				CLANG_WARN_OBJC_LITERAL_CONVERSION = YES;
				CLANG_WARN_OBJC_ROOT_CLASS = YES_ERROR;
				CLANG_WARN_QUOTED_INCLUDE_IN_FRAMEWORK_HEADER = YES;
				CLANG_WARN_RANGE_LOOP_ANALYSIS = YES;
				CLANG_WARN_STRICT_PROTOTYPES = YES;
				CLANG_WARN_SUSPICIOUS_MOVE = YES;
				CLANG_WARN_UNGUARDED_AVAILABILITY = YES_AGGRESSIVE;
				CLANG_WARN_UNREACHABLE_CODE = YES;
				CLANG_WARN__DUPLICATE_METHOD_MATCH = YES;
				COPY_PHASE_STRIP = NO;
				DEBUG_INFORMATION_FORMAT = dwarf;
				ENABLE_STRICT_OBJC_MSGSEND = YES;
				ENABLE_TESTABILITY = YES;
				GCC_C_LANGUAGE_STANDARD = gnu11;
				GCC_DYNAMIC_NO_PIC = NO;
				GCC_NO_COMMON_BLOCKS = YES;
				GCC_OPTIMIZATION_LEVEL = 0;
				GCC_PREPROCESSOR_DEFINITIONS = (
					"DEBUG=1",
					"$(inherited)",
				);
				GCC_WARN_64_TO_32_BIT_CONVERSION = YES;
				GCC_WARN_ABOUT_RETURN_TYPE = YES_ERROR;
				GCC_WARN_UNDECLARED_SELECTOR = YES;
				GCC_WARN_UNINITIALIZED_AUTOS = YES_AGGRESSIVE;
				GCC_WARN_UNUSED_FUNCTION = YES;
				GCC_WARN_UNUSED_VARIABLE = YES;
				IPHONEOS_DEPLOYMENT_TARGET = 16.2;
				MTL_ENABLE_DEBUG_INFO = INCLUDE_SOURCE;
				MTL_FAST_MATH = YES;
				ONLY_ACTIVE_ARCH = YES;
				SDKROOT = iphoneos;
				SWIFT_ACTIVE_COMPILATION_CONDITIONS = DEBUG;
				SWIFT_OPTIMIZATION_LEVEL = "-Onone";
			};
			name = Debug;
		};
		2AC9E83D2A6CD78500B8A543 /* Release */ = {
			isa = XCBuildConfiguration;
			buildSettings = {
				ALWAYS_SEARCH_USER_PATHS = NO;
				CLANG_ANALYZER_NONNULL = YES;
				CLANG_ANALYZER_NUMBER_OBJECT_CONVERSION = YES_AGGRESSIVE;
				CLANG_CXX_LANGUAGE_STANDARD = "gnu++20";
				CLANG_ENABLE_MODULES = YES;
				CLANG_ENABLE_OBJC_ARC = YES;
				CLANG_ENABLE_OBJC_WEAK = YES;
				CLANG_WARN_BLOCK_CAPTURE_AUTORELEASING = YES;
				CLANG_WARN_BOOL_CONVERSION = YES;
				CLANG_WARN_COMMA = YES;
				CLANG_WARN_CONSTANT_CONVERSION = YES;
				CLANG_WARN_DEPRECATED_OBJC_IMPLEMENTATIONS = YES;
				CLANG_WARN_DIRECT_OBJC_ISA_USAGE = YES_ERROR;
				CLANG_WARN_DOCUMENTATION_COMMENTS = YES;
				CLANG_WARN_EMPTY_BODY = YES;
				CLANG_WARN_ENUM_CONVERSION = YES;
				CLANG_WARN_INFINITE_RECURSION = YES;
				CLANG_WARN_INT_CONVERSION = YES;
				CLANG_WARN_NON_LITERAL_NULL_CONVERSION = YES;
				CLANG_WARN_OBJC_IMPLICIT_RETAIN_SELF = YES;
				CLANG_WARN_OBJC_LITERAL_CONVERSION = YES;
				CLANG_WARN_OBJC_ROOT_CLASS = YES_ERROR;
				CLANG_WARN_QUOTED_INCLUDE_IN_FRAMEWORK_HEADER = YES;
				CLANG_WARN_RANGE_LOOP_ANALYSIS = YES;
				CLANG_WARN_STRICT_PROTOTYPES = YES;
				CLANG_WARN_SUSPICIOUS_MOVE = YES;
				CLANG_WARN_UNGUARDED_AVAILABILITY = YES_AGGRESSIVE;
				CLANG_WARN_UNREACHABLE_CODE = YES;
				CLANG_WARN__DUPLICATE_METHOD_MATCH = YES;
				COPY_PHASE_STRIP = NO;
				DEBUG_INFORMATION_FORMAT = "dwarf-with-dsym";
				ENABLE_NS_ASSERTIONS = NO;
				ENABLE_STRICT_OBJC_MSGSEND = YES;
				GCC_C_LANGUAGE_STANDARD = gnu11;
				GCC_NO_COMMON_BLOCKS = YES;
				GCC_WARN_64_TO_32_BIT_CONVERSION = YES;
				GCC_WARN_ABOUT_RETURN_TYPE = YES_ERROR;
				GCC_WARN_UNDECLARED_SELECTOR = YES;
				GCC_WARN_UNINITIALIZED_AUTOS = YES_AGGRESSIVE;
				GCC_WARN_UNUSED_FUNCTION = YES;
				GCC_WARN_UNUSED_VARIABLE = YES;
				IPHONEOS_DEPLOYMENT_TARGET = 16.2;
				MTL_ENABLE_DEBUG_INFO = NO;
				MTL_FAST_MATH = YES;
				SDKROOT = iphoneos;
				SWIFT_COMPILATION_MODE = wholemodule;
				SWIFT_OPTIMIZATION_LEVEL = "-O";
				VALIDATE_PRODUCT = YES;
			};
			name = Release;
		};
		2AC9E83F2A6CD78500B8A543 /* Debug */ = {
			isa = XCBuildConfiguration;
			buildSettings = {
				ASSETCATALOG_COMPILER_APPICON_NAME = AppIcon;
				ASSETCATALOG_COMPILER_GLOBAL_ACCENT_COLOR_NAME = AccentColor;
				CODE_SIGN_STYLE = Automatic;
				CURRENT_PROJECT_VERSION = 1;
				DEVELOPMENT_ASSET_PATHS = "\"swift_todo/Preview Content\"";
				ENABLE_PREVIEWS = YES;
				GENERATE_INFOPLIST_FILE = YES;
				INFOPLIST_KEY_UIApplicationSceneManifest_Generation = YES;
				INFOPLIST_KEY_UIApplicationSupportsIndirectInputEvents = YES;
				INFOPLIST_KEY_UILaunchScreen_Generation = YES;
				INFOPLIST_KEY_UISupportedInterfaceOrientations = UIInterfaceOrientationPortrait;
				LD_RUNPATH_SEARCH_PATHS = (
					"$(inherited)",
					"@executable_path/Frameworks",
				);
				MARKETING_VERSION = 1.0;
				PRODUCT_BUNDLE_IDENTIFIER = "com.alxayeed.swift-todo";
				PRODUCT_NAME = "$(TARGET_NAME)";
				SWIFT_EMIT_LOC_STRINGS = YES;
				SWIFT_VERSION = 5.0;
				TARGETED_DEVICE_FAMILY = "1,2";
			};
			name = Debug;
		};
		2AC9E8402A6CD78500B8A543 /* Release */ = {
			isa = XCBuildConfiguration;
			buildSettings = {
				ASSETCATALOG_COMPILER_APPICON_NAME = AppIcon;
				ASSETCATALOG_COMPILER_GLOBAL_ACCENT_COLOR_NAME = AccentColor;
				CODE_SIGN_STYLE = Automatic;
				CURRENT_PROJECT_VERSION = 1;
				DEVELOPMENT_ASSET_PATHS = "\"swift_todo/Preview Content\"";
				ENABLE_PREVIEWS = YES;
				GENERATE_INFOPLIST_FILE = YES;
				INFOPLIST_KEY_UIApplicationSceneManifest_Generation = YES;
				INFOPLIST_KEY_UIApplicationSupportsIndirectInputEvents = YES;
				INFOPLIST_KEY_UILaunchScreen_Generation = YES;
				INFOPLIST_KEY_UISupportedInterfaceOrientations = UIInterfaceOrientationPortrait;
				LD_RUNPATH_SEARCH_PATHS = (
					"$(inherited)",
					"@executable_path/Frameworks",
				);
				MARKETING_VERSION = 1.0;
				PRODUCT_BUNDLE_IDENTIFIER = "com.alxayeed.swift-todo";
				PRODUCT_NAME = "$(TARGET_NAME)";
				SWIFT_EMIT_LOC_STRINGS = YES;
				SWIFT_VERSION = 5.0;
				TARGETED_DEVICE_FAMILY = "1,2";
			};
			name = Release;
		};
/* End XCBuildConfiguration section */

/* Begin XCConfigurationList section */
		2AC9E82B2A6CD78400B8A543 /* Build configuration list for PBXProject "swift_todo" */ = {
			isa = XCConfigurationList;
			buildConfigurations = (
				2AC9E83C2A6CD78500B8A543 /* Debug */,
				2AC9E83D2A6CD78500B8A543 /* Release */,
			);
			defaultConfigurationIsVisible = 0;
			defaultConfigurationName = Release;
		};
		2AC9E83E2A6CD78500B8A543 /* Build configuration list for PBXNativeTarget "swift_todo" */ = {
			isa = XCConfigurationList;
			buildConfigurations = (
				2AC9E83F2A6CD78500B8A543 /* Debug */,
				2AC9E8402A6CD78500B8A543 /* Release */,
			);
			defaultConfigurationIsVisible = 0;
			defaultConfigurationName = Release;
		};
/* End XCConfigurationList section */

/* Begin XCRemoteSwiftPackageReference section */
		2A160F4D2A6CEA5300510A79 /* XCRemoteSwiftPackageReference "firebase-ios-sdk" */ = {
			isa = XCRemoteSwiftPackageReference;
			repositoryURL = "https://github.com/firebase/firebase-ios-sdk";
			requirement = {
				branch = master;
				kind = branch;
			};
		};
/* End XCRemoteSwiftPackageReference section */

/* Begin XCSwiftPackageProductDependency section */
		2A160F4E2A6CEA5300510A79 /* FirebaseAuth */ = {
			isa = XCSwiftPackageProductDependency;
			package = 2A160F4D2A6CEA5300510A79 /* XCRemoteSwiftPackageReference "firebase-ios-sdk" */;
			productName = FirebaseAuth;
		};
		2A160F502A6CEA5300510A79 /* FirebaseFirestore */ = {
			isa = XCSwiftPackageProductDependency;
			package = 2A160F4D2A6CEA5300510A79 /* XCRemoteSwiftPackageReference "firebase-ios-sdk" */;
			productName = FirebaseFirestore;
		};
		2A160F522A6CEA5300510A79 /* FirebaseFirestoreSwift */ = {
			isa = XCSwiftPackageProductDependency;
			package = 2A160F4D2A6CEA5300510A79 /* XCRemoteSwiftPackageReference "firebase-ios-sdk" */;
			productName = FirebaseFirestoreSwift;
		};
/* End XCSwiftPackageProductDependency section */
	};
	rootObject = 2AC9E8282A6CD78400B8A543 /* Project object */;
}
